
Microsoft Visual Studio Solution File, Format Version 12.00
# Visual Studio Version 16
VisualStudioVersion = 16.0.31515.178
MinimumVisualStudioVersion = 10.0.40219.1
Project("{FAE04EC0-301F-11D3-BF4B-00C04F79EFBC}") = "EasyMadModul", "EasyMadModul\EasyMadModul.csproj", "{9CDE099E-30A0-4C73-9B03-FB45056817BC}"
EndProject
Global
	GlobalSection(SolutionConfigurationPlatforms) = preSolution
		Debug|Any CPU = Debug|Any CPU
		Release|Any CPU = Release|Any CPU
	EndGlobalSection
	GlobalSection(ProjectConfigurationPlatforms) = postSolution
		{9CDE099E-30A0-4C73-9B03-FB45056817BC}.Debug|Any CPU.ActiveCfg = Debug|Any CPU
		{9CDE099E-30A0-4C73-9B03-FB45056817BC}.Debug|Any CPU.Build.0 = Debug|Any CPU
		{9CDE099E-30A0-4C73-9B03-FB45056817BC}.Release|Any CPU.ActiveCfg = Release|Any CPU
		{9CDE099E-30A0-4C73-9B03-FB45056817BC}.Release|Any CPU.Build.0 = Release|Any CPU
	EndGlobalSection
	GlobalSection(SolutionProperties) = preSolution
		HideSolutionNode = FALSE
	EndGlobalSection
	GlobalSection(ExtensibilityGlobals) = postSolution
		SolutionGuid = {0017C9BC-E3A4-473C-8748-6CBD631AEAA6}
	EndGlobalSection
EndGlobal
